
Microsoft Visual Studio Solution File, Format Version 12.00
# Visual Studio Version 17
VisualStudioVersion = 17.8.34330.188
MinimumVisualStudioVersion = 10.0.40219.1
Project("{FAE04EC0-301F-11D3-BF4B-00C04F79EFBC}") = "DemoCSharpBase", "DemoCSharpBase\DemoCSharpBase.csproj", "{3C05769B-DB1E-4DA1-9C9C-6A7E7715DC07}"
EndProject
Global
	GlobalSection(SolutionConfigurationPlatforms) = preSolution
		Debug|Any CPU = Debug|Any CPU
		Release|Any CPU = Release|Any CPU
	EndGlobalSection
	GlobalSection(ProjectConfigurationPlatforms) = postSolution
		{3C05769B-DB1E-4DA1-9C9C-6A7E7715DC07}.Debug|Any CPU.ActiveCfg = Debug|Any CPU
		{3C05769B-DB1E-4DA1-9C9C-6A7E7715DC07}.Debug|Any CPU.Build.0 = Debug|Any CPU
		{3C05769B-DB1E-4DA1-9C9C-6A7E7715DC07}.Release|Any CPU.ActiveCfg = Release|Any CPU
		{3C05769B-DB1E-4DA1-9C9C-6A7E7715DC07}.Release|Any CPU.Build.0 = Release|Any CPU
	EndGlobalSection
	GlobalSection(SolutionProperties) = preSolution
		HideSolutionNode = FALSE
	EndGlobalSection
	GlobalSection(ExtensibilityGlobals) = postSolution
		SolutionGuid = {88A363A6-896D-49C4-9AC9-0D2F80B37565}
	EndGlobalSection
EndGlobal
